// !$*UTF8*$!
{
	archiveVersion = 1;
	classes = {
	};
	objectVersion = 56;
	objects = {

/* Begin PBXBuildFile section */
		F21768232A37B69000521911 /* HapticsManager.swift in Sources */ = {isa = PBXBuildFile; fileRef = F21768222A37B69000521911 /* HapticsManager.swift */; };
		F21768282A37EB0500521911 /* UserDefaultKeys.swift in Sources */ = {isa = PBXBuildFile; fileRef = F21768272A37EB0500521911 /* UserDefaultKeys.swift */; };
		F217682A2A37F5F200521911 /* CheckMarkPopoverView.swift in Sources */ = {isa = PBXBuildFile; fileRef = F21768292A37F5F200521911 /* CheckMarkPopoverView.swift */; };
		F217682C2A3807F200521911 /* SearchConfig.swift in Sources */ = {isa = PBXBuildFile; fileRef = F217682B2A3807F200521911 /* SearchConfig.swift */; };
		F2723E852A33EE220005C6D1 /* CreateContactView.swift in Sources */ = {isa = PBXBuildFile; fileRef = F2723E842A33EE220005C6D1 /* CreateContactView.swift */; };
		F2723E892A340DB40005C6D1 /* ContactViewModel.swift in Sources */ = {isa = PBXBuildFile; fileRef = F2723E882A340DB40005C6D1 /* ContactViewModel.swift */; };
		F2723E8C2A3415BB0005C6D1 /* CreateValidator.swift in Sources */ = {isa = PBXBuildFile; fileRef = F2723E8B2A3415BB0005C6D1 /* CreateValidator.swift */; };
		F2A213EB2A3398DA0062F25E /* ContactifyApp.swift in Sources */ = {isa = PBXBuildFile; fileRef = F2A213EA2A3398DA0062F25E /* ContactifyApp.swift */; };
		F2A213EF2A3398DB0062F25E /* Assets.xcassets in Resources */ = {isa = PBXBuildFile; fileRef = F2A213EE2A3398DB0062F25E /* Assets.xcassets */; };
		F2A213F22A3398DB0062F25E /* Preview Assets.xcassets in Resources */ = {isa = PBXBuildFile; fileRef = F2A213F12A3398DB0062F25E /* Preview Assets.xcassets */; };
		F2A213FE2A33997E0062F25E /* ContactsDataModel.xcdatamodeld in Sources */ = {isa = PBXBuildFile; fileRef = F2A213FC2A33997D0062F25E /* ContactsDataModel.xcdatamodeld */; };
		F2A214012A339ACA0062F25E /* ContactsProvider.swift in Sources */ = {isa = PBXBuildFile; fileRef = F2A214002A339ACA0062F25E /* ContactsProvider.swift */; };
		F2A214042A339B700062F25E /* EnvironmentValues+Extension.swift in Sources */ = {isa = PBXBuildFile; fileRef = F2A214032A339B700062F25E /* EnvironmentValues+Extension.swift */; };
		F2A214062A339C6B0062F25E /* Contact.swift in Sources */ = {isa = PBXBuildFile; fileRef = F2A214052A339C6B0062F25E /* Contact.swift */; };
		F2A214082A339E2C0062F25E /* ContactsView.swift in Sources */ = {isa = PBXBuildFile; fileRef = F2A214072A339E2C0062F25E /* ContactsView.swift */; };
		F2A2140A2A33A0610062F25E /* NameList.swift in Sources */ = {isa = PBXBuildFile; fileRef = F2A214092A33A0610062F25E /* NameList.swift */; };
		F2A2140C2A33A1090062F25E /* String+Extension.swift in Sources */ = {isa = PBXBuildFile; fileRef = F2A2140B2A33A1080062F25E /* String+Extension.swift */; };
		F2A2140E2A33A34F0062F25E /* ContactRowView.swift in Sources */ = {isa = PBXBuildFile; fileRef = F2A2140D2A33A34F0062F25E /* ContactRowView.swift */; };
		F2A214102A33A3E80062F25E /* Color+Extension.swift in Sources */ = {isa = PBXBuildFile; fileRef = F2A2140F2A33A3E80062F25E /* Color+Extension.swift */; };
		F2A214142A33A44C0062F25E /* TextAvatar.swift in Sources */ = {isa = PBXBuildFile; fileRef = F2A214132A33A44C0062F25E /* TextAvatar.swift */; };
		F2A214172A33A8EE0062F25E /* ContactDetailView.swift in Sources */ = {isa = PBXBuildFile; fileRef = F2A214162A33A8EE0062F25E /* ContactDetailView.swift */; };
		F2A214192A33AAE60062F25E /* Header.swift in Sources */ = {isa = PBXBuildFile; fileRef = F2A214182A33AAE60062F25E /* Header.swift */; };
		F2A2141B2A33ADEE0062F25E /* DetailsRowInfo.swift in Sources */ = {isa = PBXBuildFile; fileRef = F2A2141A2A33ADEE0062F25E /* DetailsRowInfo.swift */; };
		F2A2141D2A33B9420062F25E /* NoContactsView.swift in Sources */ = {isa = PBXBuildFile; fileRef = F2A2141C2A33B9420062F25E /* NoContactsView.swift */; };
/* End PBXBuildFile section */

/* Begin PBXFileReference section */
		F21768222A37B69000521911 /* HapticsManager.swift */ = {isa = PBXFileReference; lastKnownFileType = sourcecode.swift; path = HapticsManager.swift; sourceTree = "<group>"; };
		F21768272A37EB0500521911 /* UserDefaultKeys.swift */ = {isa = PBXFileReference; lastKnownFileType = sourcecode.swift; path = UserDefaultKeys.swift; sourceTree = "<group>"; };
		F21768292A37F5F200521911 /* CheckMarkPopoverView.swift */ = {isa = PBXFileReference; lastKnownFileType = sourcecode.swift; path = CheckMarkPopoverView.swift; sourceTree = "<group>"; };
		F217682B2A3807F200521911 /* SearchConfig.swift */ = {isa = PBXFileReference; lastKnownFileType = sourcecode.swift; path = SearchConfig.swift; sourceTree = "<group>"; };
		F2723E842A33EE220005C6D1 /* CreateContactView.swift */ = {isa = PBXFileReference; lastKnownFileType = sourcecode.swift; path = CreateContactView.swift; sourceTree = "<group>"; };
		F2723E882A340DB40005C6D1 /* ContactViewModel.swift */ = {isa = PBXFileReference; lastKnownFileType = sourcecode.swift; path = ContactViewModel.swift; sourceTree = "<group>"; };
		F2723E8B2A3415BB0005C6D1 /* CreateValidator.swift */ = {isa = PBXFileReference; lastKnownFileType = sourcecode.swift; path = CreateValidator.swift; sourceTree = "<group>"; };
		F2A213E72A3398DA0062F25E /* Contactify.app */ = {isa = PBXFileReference; explicitFileType = wrapper.application; includeInIndex = 0; path = Contactify.app; sourceTree = BUILT_PRODUCTS_DIR; };
		F2A213EA2A3398DA0062F25E /* ContactifyApp.swift */ = {isa = PBXFileReference; lastKnownFileType = sourcecode.swift; path = ContactifyApp.swift; sourceTree = "<group>"; };
		F2A213EE2A3398DB0062F25E /* Assets.xcassets */ = {isa = PBXFileReference; lastKnownFileType = folder.assetcatalog; path = Assets.xcassets; sourceTree = "<group>"; };
		F2A213F12A3398DB0062F25E /* Preview Assets.xcassets */ = {isa = PBXFileReference; lastKnownFileType = folder.assetcatalog; path = "Preview Assets.xcassets"; sourceTree = "<group>"; };
		F2A213FD2A33997E0062F25E /* ContactsDataModel.xcdatamodel */ = {isa = PBXFileReference; lastKnownFileType = wrapper.xcdatamodel; path = ContactsDataModel.xcdatamodel; sourceTree = "<group>"; };
		F2A214002A339ACA0062F25E /* ContactsProvider.swift */ = {isa = PBXFileReference; lastKnownFileType = sourcecode.swift; path = ContactsProvider.swift; sourceTree = "<group>"; };
		F2A214032A339B700062F25E /* EnvironmentValues+Extension.swift */ = {isa = PBXFileReference; lastKnownFileType = sourcecode.swift; path = "EnvironmentValues+Extension.swift"; sourceTree = "<group>"; };
		F2A214052A339C6B0062F25E /* Contact.swift */ = {isa = PBXFileReference; lastKnownFileType = sourcecode.swift; path = Contact.swift; sourceTree = "<group>"; };
		F2A214072A339E2C0062F25E /* ContactsView.swift */ = {isa = PBXFileReference; lastKnownFileType = sourcecode.swift; path = ContactsView.swift; sourceTree = "<group>"; };
		F2A214092A33A0610062F25E /* NameList.swift */ = {isa = PBXFileReference; lastKnownFileType = sourcecode.swift; path = NameList.swift; sourceTree = "<group>"; };
		F2A2140B2A33A1080062F25E /* String+Extension.swift */ = {isa = PBXFileReference; lastKnownFileType = sourcecode.swift; path = "String+Extension.swift"; sourceTree = "<group>"; };
		F2A2140D2A33A34F0062F25E /* ContactRowView.swift */ = {isa = PBXFileReference; lastKnownFileType = sourcecode.swift; path = ContactRowView.swift; sourceTree = "<group>"; };
		F2A2140F2A33A3E80062F25E /* Color+Extension.swift */ = {isa = PBXFileReference; lastKnownFileType = sourcecode.swift; path = "Color+Extension.swift"; sourceTree = "<group>"; };
		F2A214132A33A44C0062F25E /* TextAvatar.swift */ = {isa = PBXFileReference; lastKnownFileType = sourcecode.swift; path = TextAvatar.swift; sourceTree = "<group>"; };
		F2A214162A33A8EE0062F25E /* ContactDetailView.swift */ = {isa = PBXFileReference; lastKnownFileType = sourcecode.swift; path = ContactDetailView.swift; sourceTree = "<group>"; };
		F2A214182A33AAE60062F25E /* Header.swift */ = {isa = PBXFileReference; lastKnownFileType = sourcecode.swift; path = Header.swift; sourceTree = "<group>"; };
		F2A2141A2A33ADEE0062F25E /* DetailsRowInfo.swift */ = {isa = PBXFileReference; lastKnownFileType = sourcecode.swift; path = DetailsRowInfo.swift; sourceTree = "<group>"; };
		F2A2141C2A33B9420062F25E /* NoContactsView.swift */ = {isa = PBXFileReference; lastKnownFileType = sourcecode.swift; path = NoContactsView.swift; sourceTree = "<group>"; };
/* End PBXFileReference section */

/* Begin PBXFrameworksBuildPhase section */
		F2A213E42A3398DA0062F25E /* Frameworks */ = {
			isa = PBXFrameworksBuildPhase;
			buildActionMask = 2147483647;
			files = (
			);
			runOnlyForDeploymentPostprocessing = 0;
		};
/* End PBXFrameworksBuildPhase section */

/* Begin PBXGroup section */
		F21768242A37EAD600521911 /* Base */ = {
			isa = PBXGroup;
			children = (
				F21768262A37EAEC00521911 /* UserDefaults */,
				F21768252A37EAE600521911 /* Haptics */,
				F2A213FB2A3399540062F25E /* Helpers */,
				F2723E8A2A34159C0005C6D1 /* Validator */,
			);
			path = Base;
			sourceTree = "<group>";
		};
		F21768252A37EAE600521911 /* Haptics */ = {
			isa = PBXGroup;
			children = (
				F21768222A37B69000521911 /* HapticsManager.swift */,
			);
			path = Haptics;
			sourceTree = "<group>";
		};
		F21768262A37EAEC00521911 /* UserDefaults */ = {
			isa = PBXGroup;
			children = (
				F21768272A37EB0500521911 /* UserDefaultKeys.swift */,
			);
			path = UserDefaults;
			sourceTree = "<group>";
		};
		F2723E8A2A34159C0005C6D1 /* Validator */ = {
			isa = PBXGroup;
			children = (
				F2723E8B2A3415BB0005C6D1 /* CreateValidator.swift */,
			);
			path = Validator;
			sourceTree = "<group>";
		};
		F2A213DE2A3398D90062F25E = {
			isa = PBXGroup;
			children = (
				F2A213E92A3398DA0062F25E /* Contactify */,
				F2A213E82A3398DA0062F25E /* Products */,
			);
			sourceTree = "<group>";
		};
		F2A213E82A3398DA0062F25E /* Products */ = {
			isa = PBXGroup;
			children = (
				F2A213E72A3398DA0062F25E /* Contactify.app */,
			);
			name = Products;
			sourceTree = "<group>";
		};
		F2A213E92A3398DA0062F25E /* Contactify */ = {
			isa = PBXGroup;
			children = (
				F21768242A37EAD600521911 /* Base */,
				F2A214152A33A4C30062F25E /* Components */,
				F2A214022A339B5C0062F25E /* Extensions */,
				F2A213FF2A3399F60062F25E /* Provider */,
				F2A213FA2A3399370062F25E /* Model */,
				F2A213F92A3399260062F25E /* ViewModels */,
				F2A213F82A33991F0062F25E /* Views */,
				F2A213EA2A3398DA0062F25E /* ContactifyApp.swift */,
				F2A213EE2A3398DB0062F25E /* Assets.xcassets */,
				F2A213F02A3398DB0062F25E /* Preview Content */,
				F2A213FC2A33997D0062F25E /* ContactsDataModel.xcdatamodeld */,
			);
			path = Contactify;
			sourceTree = "<group>";
		};
		F2A213F02A3398DB0062F25E /* Preview Content */ = {
			isa = PBXGroup;
			children = (
				F2A213F12A3398DB0062F25E /* Preview Assets.xcassets */,
			);
			path = "Preview Content";
			sourceTree = "<group>";
		};
		F2A213F82A33991F0062F25E /* Views */ = {
			isa = PBXGroup;
			children = (
				F2A214072A339E2C0062F25E /* ContactsView.swift */,
				F2A2140D2A33A34F0062F25E /* ContactRowView.swift */,
				F2A214162A33A8EE0062F25E /* ContactDetailView.swift */,
				F2A2141C2A33B9420062F25E /* NoContactsView.swift */,
				F2723E842A33EE220005C6D1 /* CreateContactView.swift */,
			);
			path = Views;
			sourceTree = "<group>";
		};
		F2A213F92A3399260062F25E /* ViewModels */ = {
			isa = PBXGroup;
			children = (
				F2723E882A340DB40005C6D1 /* ContactViewModel.swift */,
			);
			path = ViewModels;
			sourceTree = "<group>";
		};
		F2A213FA2A3399370062F25E /* Model */ = {
			isa = PBXGroup;
			children = (
				F2A214052A339C6B0062F25E /* Contact.swift */,
			);
			path = Model;
			sourceTree = "<group>";
		};
		F2A213FB2A3399540062F25E /* Helpers */ = {
			isa = PBXGroup;
			children = (
				F2A214092A33A0610062F25E /* NameList.swift */,
				F217682B2A3807F200521911 /* SearchConfig.swift */,
			);
			path = Helpers;
			sourceTree = "<group>";
		};
		F2A213FF2A3399F60062F25E /* Provider */ = {
			isa = PBXGroup;
			children = (
				F2A214002A339ACA0062F25E /* ContactsProvider.swift */,
			);
			path = Provider;
			sourceTree = "<group>";
		};
		F2A214022A339B5C0062F25E /* Extensions */ = {
			isa = PBXGroup;
			children = (
				F2A214032A339B700062F25E /* EnvironmentValues+Extension.swift */,
				F2A2140B2A33A1080062F25E /* String+Extension.swift */,
				F2A2140F2A33A3E80062F25E /* Color+Extension.swift */,
			);
			path = Extensions;
			sourceTree = "<group>";
		};
		F2A214152A33A4C30062F25E /* Components */ = {
			isa = PBXGroup;
			children = (
				F2A214132A33A44C0062F25E /* TextAvatar.swift */,
				F2A214182A33AAE60062F25E /* Header.swift */,
				F2A2141A2A33ADEE0062F25E /* DetailsRowInfo.swift */,
				F21768292A37F5F200521911 /* CheckMarkPopoverView.swift */,
			);
			path = Components;
			sourceTree = "<group>";
		};
/* End PBXGroup section */

/* Begin PBXNativeTarget section */
		F2A213E62A3398DA0062F25E /* Contactify */ = {
			isa = PBXNativeTarget;
			buildConfigurationList = F2A213F52A3398DB0062F25E /* Build configuration list for PBXNativeTarget "Contactify" */;
			buildPhases = (
				F2A213E32A3398DA0062F25E /* Sources */,
				F2A213E42A3398DA0062F25E /* Frameworks */,
				F2A213E52A3398DA0062F25E /* Resources */,
			);
			buildRules = (
			);
			dependencies = (
			);
			name = Contactify;
			productName = Contactify;
			productReference = F2A213E72A3398DA0062F25E /* Contactify.app */;
			productType = "com.apple.product-type.application";
		};
/* End PBXNativeTarget section */

/* Begin PBXProject section */
		F2A213DF2A3398D90062F25E /* Project object */ = {
			isa = PBXProject;
			attributes = {
				BuildIndependentTargetsInParallel = 1;
				LastSwiftUpdateCheck = 1430;
				LastUpgradeCheck = 1430;
				TargetAttributes = {
					F2A213E62A3398DA0062F25E = {
						CreatedOnToolsVersion = 14.3;
					};
				};
			};
			buildConfigurationList = F2A213E22A3398D90062F25E /* Build configuration list for PBXProject "Contactify" */;
			compatibilityVersion = "Xcode 14.0";
			developmentRegion = en;
			hasScannedForEncodings = 0;
			knownRegions = (
				en,
				Base,
			);
			mainGroup = F2A213DE2A3398D90062F25E;
			productRefGroup = F2A213E82A3398DA0062F25E /* Products */;
			projectDirPath = "";
			projectRoot = "";
			targets = (
				F2A213E62A3398DA0062F25E /* Contactify */,
			);
		};
/* End PBXProject section */

/* Begin PBXResourcesBuildPhase section */
		F2A213E52A3398DA0062F25E /* Resources */ = {
			isa = PBXResourcesBuildPhase;
			buildActionMask = 2147483647;
			files = (
				F2A213F22A3398DB0062F25E /* Preview Assets.xcassets in Resources */,
				F2A213EF2A3398DB0062F25E /* Assets.xcassets in Resources */,
			);
			runOnlyForDeploymentPostprocessing = 0;
		};
/* End PBXResourcesBuildPhase section */

/* Begin PBXSourcesBuildPhase section */
		F2A213E32A3398DA0062F25E /* Sources */ = {
			isa = PBXSourcesBuildPhase;
			buildActionMask = 2147483647;
			files = (
				F21768282A37EB0500521911 /* UserDefaultKeys.swift in Sources */,
				F2A214172A33A8EE0062F25E /* ContactDetailView.swift in Sources */,
				F2723E852A33EE220005C6D1 /* CreateContactView.swift in Sources */,
				F2A214192A33AAE60062F25E /* Header.swift in Sources */,
				F2A2140C2A33A1090062F25E /* String+Extension.swift in Sources */,
				F2723E892A340DB40005C6D1 /* ContactViewModel.swift in Sources */,
				F2A214102A33A3E80062F25E /* Color+Extension.swift in Sources */,
				F217682A2A37F5F200521911 /* CheckMarkPopoverView.swift in Sources */,
				F2A214062A339C6B0062F25E /* Contact.swift in Sources */,
				F2A2141B2A33ADEE0062F25E /* DetailsRowInfo.swift in Sources */,
				F2A2140A2A33A0610062F25E /* NameList.swift in Sources */,
				F2A213FE2A33997E0062F25E /* ContactsDataModel.xcdatamodeld in Sources */,
				F2A213EB2A3398DA0062F25E /* ContactifyApp.swift in Sources */,
				F2A2141D2A33B9420062F25E /* NoContactsView.swift in Sources */,
				F2A214012A339ACA0062F25E /* ContactsProvider.swift in Sources */,
				F2A214142A33A44C0062F25E /* TextAvatar.swift in Sources */,
				F2A214042A339B700062F25E /* EnvironmentValues+Extension.swift in Sources */,
				F217682C2A3807F200521911 /* SearchConfig.swift in Sources */,
				F2A2140E2A33A34F0062F25E /* ContactRowView.swift in Sources */,
				F2723E8C2A3415BB0005C6D1 /* CreateValidator.swift in Sources */,
				F21768232A37B69000521911 /* HapticsManager.swift in Sources */,
				F2A214082A339E2C0062F25E /* ContactsView.swift in Sources */,
			);
			runOnlyForDeploymentPostprocessing = 0;
		};
/* End PBXSourcesBuildPhase section */

/* Begin XCBuildConfiguration section */
		F2A213F32A3398DB0062F25E /* Debug */ = {
			isa = XCBuildConfiguration;
			buildSettings = {
				ALWAYS_SEARCH_USER_PATHS = NO;
				CLANG_ANALYZER_NONNULL = YES;
				CLANG_ANALYZER_NUMBER_OBJECT_CONVERSION = YES_AGGRESSIVE;
				CLANG_CXX_LANGUAGE_STANDARD = "gnu++20";
				CLANG_ENABLE_MODULES = YES;
				CLANG_ENABLE_OBJC_ARC = YES;
				CLANG_ENABLE_OBJC_WEAK = YES;
				CLANG_WARN_BLOCK_CAPTURE_AUTORELEASING = YES;
				CLANG_WARN_BOOL_CONVERSION = YES;
				CLANG_WARN_COMMA = YES;
				CLANG_WARN_CONSTANT_CONVERSION = YES;
				CLANG_WARN_DEPRECATED_OBJC_IMPLEMENTATIONS = YES;
				CLANG_WARN_DIRECT_OBJC_ISA_USAGE = YES_ERROR;
				CLANG_WARN_DOCUMENTATION_COMMENTS = YES;
				CLANG_WARN_EMPTY_BODY = YES;
				CLANG_WARN_ENUM_CONVERSION = YES;
				CLANG_WARN_INFINITE_RECURSION = YES;
				CLANG_WARN_INT_CONVERSION = YES;
				CLANG_WARN_NON_LITERAL_NULL_CONVERSION = YES;
				CLANG_WARN_OBJC_IMPLICIT_RETAIN_SELF = YES;
				CLANG_WARN_OBJC_LITERAL_CONVERSION = YES;
				CLANG_WARN_OBJC_ROOT_CLASS = YES_ERROR;
				CLANG_WARN_QUOTED_INCLUDE_IN_FRAMEWORK_HEADER = YES;
				CLANG_WARN_RANGE_LOOP_ANALYSIS = YES;
				CLANG_WARN_STRICT_PROTOTYPES = YES;
				CLANG_WARN_SUSPICIOUS_MOVE = YES;
				CLANG_WARN_UNGUARDED_AVAILABILITY = YES_AGGRESSIVE;
				CLANG_WARN_UNREACHABLE_CODE = YES;
				CLANG_WARN__DUPLICATE_METHOD_MATCH = YES;
				COPY_PHASE_STRIP = NO;
				DEBUG_INFORMATION_FORMAT = dwarf;
				ENABLE_STRICT_OBJC_MSGSEND = YES;
				ENABLE_TESTABILITY = YES;
				GCC_C_LANGUAGE_STANDARD = gnu11;
				GCC_DYNAMIC_NO_PIC = NO;
				GCC_NO_COMMON_BLOCKS = YES;
				GCC_OPTIMIZATION_LEVEL = 0;
				GCC_PREPROCESSOR_DEFINITIONS = (
					"DEBUG=1",
					"$(inherited)",
				);
				GCC_WARN_64_TO_32_BIT_CONVERSION = YES;
				GCC_WARN_ABOUT_RETURN_TYPE = YES_ERROR;
				GCC_WARN_UNDECLARED_SELECTOR = YES;
				GCC_WARN_UNINITIALIZED_AUTOS = YES_AGGRESSIVE;
				GCC_WARN_UNUSED_FUNCTION = YES;
				GCC_WARN_UNUSED_VARIABLE = YES;
				IPHONEOS_DEPLOYMENT_TARGET = 16.4;
				MTL_ENABLE_DEBUG_INFO = INCLUDE_SOURCE;
				MTL_FAST_MATH = YES;
				ONLY_ACTIVE_ARCH = YES;
				SDKROOT = iphoneos;
				SWIFT_ACTIVE_COMPILATION_CONDITIONS = DEBUG;
				SWIFT_OPTIMIZATION_LEVEL = "-Onone";
			};
			name = Debug;
		};
		F2A213F42A3398DB0062F25E /* Release */ = {
			isa = XCBuildConfiguration;
			buildSettings = {
				ALWAYS_SEARCH_USER_PATHS = NO;
				CLANG_ANALYZER_NONNULL = YES;
				CLANG_ANALYZER_NUMBER_OBJECT_CONVERSION = YES_AGGRESSIVE;
				CLANG_CXX_LANGUAGE_STANDARD = "gnu++20";
				CLANG_ENABLE_MODULES = YES;
				CLANG_ENABLE_OBJC_ARC = YES;
				CLANG_ENABLE_OBJC_WEAK = YES;
				CLANG_WARN_BLOCK_CAPTURE_AUTORELEASING = YES;
				CLANG_WARN_BOOL_CONVERSION = YES;
				CLANG_WARN_COMMA = YES;
				CLANG_WARN_CONSTANT_CONVERSION = YES;
				CLANG_WARN_DEPRECATED_OBJC_IMPLEMENTATIONS = YES;
				CLANG_WARN_DIRECT_OBJC_ISA_USAGE = YES_ERROR;
				CLANG_WARN_DOCUMENTATION_COMMENTS = YES;
				CLANG_WARN_EMPTY_BODY = YES;
				CLANG_WARN_ENUM_CONVERSION = YES;
				CLANG_WARN_INFINITE_RECURSION = YES;
				CLANG_WARN_INT_CONVERSION = YES;
				CLANG_WARN_NON_LITERAL_NULL_CONVERSION = YES;
				CLANG_WARN_OBJC_IMPLICIT_RETAIN_SELF = YES;
				CLANG_WARN_OBJC_LITERAL_CONVERSION = YES;
				CLANG_WARN_OBJC_ROOT_CLASS = YES_ERROR;
				CLANG_WARN_QUOTED_INCLUDE_IN_FRAMEWORK_HEADER = YES;
				CLANG_WARN_RANGE_LOOP_ANALYSIS = YES;
				CLANG_WARN_STRICT_PROTOTYPES = YES;
				CLANG_WARN_SUSPICIOUS_MOVE = YES;
				CLANG_WARN_UNGUARDED_AVAILABILITY = YES_AGGRESSIVE;
				CLANG_WARN_UNREACHABLE_CODE = YES;
				CLANG_WARN__DUPLICATE_METHOD_MATCH = YES;
				COPY_PHASE_STRIP = NO;
				DEBUG_INFORMATION_FORMAT = "dwarf-with-dsym";
				ENABLE_NS_ASSERTIONS = NO;
				ENABLE_STRICT_OBJC_MSGSEND = YES;
				GCC_C_LANGUAGE_STANDARD = gnu11;
				GCC_NO_COMMON_BLOCKS = YES;
				GCC_WARN_64_TO_32_BIT_CONVERSION = YES;
				GCC_WARN_ABOUT_RETURN_TYPE = YES_ERROR;
				GCC_WARN_UNDECLARED_SELECTOR = YES;
				GCC_WARN_UNINITIALIZED_AUTOS = YES_AGGRESSIVE;
				GCC_WARN_UNUSED_FUNCTION = YES;
				GCC_WARN_UNUSED_VARIABLE = YES;
				IPHONEOS_DEPLOYMENT_TARGET = 16.4;
				MTL_ENABLE_DEBUG_INFO = NO;
				MTL_FAST_MATH = YES;
				SDKROOT = iphoneos;
				SWIFT_COMPILATION_MODE = wholemodule;
				SWIFT_OPTIMIZATION_LEVEL = "-O";
				VALIDATE_PRODUCT = YES;
			};
			name = Release;
		};
		F2A213F62A3398DB0062F25E /* Debug */ = {
			isa = XCBuildConfiguration;
			buildSettings = {
				ASSETCATALOG_COMPILER_APPICON_NAME = AppIcon;
				ASSETCATALOG_COMPILER_GLOBAL_ACCENT_COLOR_NAME = AccentColor;
				CODE_SIGN_STYLE = Automatic;
				CURRENT_PROJECT_VERSION = 1;
				DEVELOPMENT_ASSET_PATHS = "\"Contactify/Preview Content\"";
				DEVELOPMENT_TEAM = 2K78V2KXMZ;
				ENABLE_PREVIEWS = YES;
				GENERATE_INFOPLIST_FILE = YES;
				INFOPLIST_KEY_UIApplicationSceneManifest_Generation = YES;
				INFOPLIST_KEY_UIApplicationSupportsIndirectInputEvents = YES;
				INFOPLIST_KEY_UILaunchScreen_Generation = YES;
				INFOPLIST_KEY_UISupportedInterfaceOrientations_iPad = "UIInterfaceOrientationPortrait UIInterfaceOrientationPortraitUpsideDown UIInterfaceOrientationLandscapeLeft UIInterfaceOrientationLandscapeRight";
				INFOPLIST_KEY_UISupportedInterfaceOrientations_iPhone = "UIInterfaceOrientationPortrait UIInterfaceOrientationLandscapeLeft UIInterfaceOrientationLandscapeRight";
				LD_RUNPATH_SEARCH_PATHS = (
					"$(inherited)",
					"@executable_path/Frameworks",
				);
				MARKETING_VERSION = 1.0;
				PRODUCT_BUNDLE_IDENTIFIER = com.donihernandez.Contactify;
				PRODUCT_NAME = "$(TARGET_NAME)";
				SWIFT_EMIT_LOC_STRINGS = YES;
				SWIFT_VERSION = 5.0;
				TARGETED_DEVICE_FAMILY = "1,2";
			};
			name = Debug;
		};
		F2A213F72A3398DB0062F25E /* Release */ = {
			isa = XCBuildConfiguration;
			buildSettings = {
				ASSETCATALOG_COMPILER_APPICON_NAME = AppIcon;
				ASSETCATALOG_COMPILER_GLOBAL_ACCENT_COLOR_NAME = AccentColor;
				CODE_SIGN_STYLE = Automatic;
				CURRENT_PROJECT_VERSION = 1;
				DEVELOPMENT_ASSET_PATHS = "\"Contactify/Preview Content\"";
				DEVELOPMENT_TEAM = 2K78V2KXMZ;
				ENABLE_PREVIEWS = YES;
				GENERATE_INFOPLIST_FILE = YES;
				INFOPLIST_KEY_UIApplicationSceneManifest_Generation = YES;
				INFOPLIST_KEY_UIApplicationSupportsIndirectInputEvents = YES;
				INFOPLIST_KEY_UILaunchScreen_Generation = YES;
				INFOPLIST_KEY_UISupportedInterfaceOrientations_iPad = "UIInterfaceOrientationPortrait UIInterfaceOrientationPortraitUpsideDown UIInterfaceOrientationLandscapeLeft UIInterfaceOrientationLandscapeRight";
				INFOPLIST_KEY_UISupportedInterfaceOrientations_iPhone = "UIInterfaceOrientationPortrait UIInterfaceOrientationLandscapeLeft UIInterfaceOrientationLandscapeRight";
				LD_RUNPATH_SEARCH_PATHS = (
					"$(inherited)",
					"@executable_path/Frameworks",
				);
				MARKETING_VERSION = 1.0;
				PRODUCT_BUNDLE_IDENTIFIER = com.donihernandez.Contactify;
				PRODUCT_NAME = "$(TARGET_NAME)";
				SWIFT_EMIT_LOC_STRINGS = YES;
				SWIFT_VERSION = 5.0;
				TARGETED_DEVICE_FAMILY = "1,2";
			};
			name = Release;
		};
/* End XCBuildConfiguration section */

/* Begin XCConfigurationList section */
		F2A213E22A3398D90062F25E /* Build configuration list for PBXProject "Contactify" */ = {
			isa = XCConfigurationList;
			buildConfigurations = (
				F2A213F32A3398DB0062F25E /* Debug */,
				F2A213F42A3398DB0062F25E /* Release */,
			);
			defaultConfigurationIsVisible = 0;
			defaultConfigurationName = Release;
		};
		F2A213F52A3398DB0062F25E /* Build configuration list for PBXNativeTarget "Contactify" */ = {
			isa = XCConfigurationList;
			buildConfigurations = (
				F2A213F62A3398DB0062F25E /* Debug */,
				F2A213F72A3398DB0062F25E /* Release */,
			);
			defaultConfigurationIsVisible = 0;
			defaultConfigurationName = Release;
		};
/* End XCConfigurationList section */

/* Begin XCVersionGroup section */
		F2A213FC2A33997D0062F25E /* ContactsDataModel.xcdatamodeld */ = {
			isa = XCVersionGroup;
			children = (
				F2A213FD2A33997E0062F25E /* ContactsDataModel.xcdatamodel */,
			);
			currentVersion = F2A213FD2A33997E0062F25E /* ContactsDataModel.xcdatamodel */;
			path = ContactsDataModel.xcdatamodeld;
			sourceTree = "<group>";
			versionGroupType = wrapper.xcdatamodel;
		};
/* End XCVersionGroup section */
	};
	rootObject = F2A213DF2A3398D90062F25E /* Project object */;
}
